// !$*UTF8*$!
{
	archiveVersion = 1;
	classes = {
	};
	objectVersion = 50;
	objects = {

/* Begin PBXBuildFile section */
		C5707A16265AD403009D2E2A /* CodemyProjectApp.swift in Sources */ = {isa = PBXBuildFile; fileRef = C5707A15265AD403009D2E2A /* CodemyProjectApp.swift */; };
		C5707A18265AD403009D2E2A /* ContentView.swift in Sources */ = {isa = PBXBuildFile; fileRef = C5707A17265AD403009D2E2A /* ContentView.swift */; };
		C5707A1A265AD404009D2E2A /* Assets.xcassets in Resources */ = {isa = PBXBuildFile; fileRef = C5707A19265AD404009D2E2A /* Assets.xcassets */; };
		C5707A1D265AD404009D2E2A /* Preview Assets.xcassets in Resources */ = {isa = PBXBuildFile; fileRef = C5707A1C265AD404009D2E2A /* Preview Assets.xcassets */; };
		C5707A28265AD404009D2E2A /* CodemyProjectTests.swift in Sources */ = {isa = PBXBuildFile; fileRef = C5707A27265AD404009D2E2A /* CodemyProjectTests.swift */; };
		C5707A33265AD404009D2E2A /* CodemyProjectUITests.swift in Sources */ = {isa = PBXBuildFile; fileRef = C5707A32265AD404009D2E2A /* CodemyProjectUITests.swift */; };
/* End PBXBuildFile section */

/* Begin PBXContainerItemProxy section */
		C5707A24265AD404009D2E2A /* PBXContainerItemProxy */ = {
			isa = PBXContainerItemProxy;
			containerPortal = C5707A0A265AD403009D2E2A /* Project object */;
			proxyType = 1;
			remoteGlobalIDString = C5707A11265AD403009D2E2A;
			remoteInfo = CodemyProject;
		};
		C5707A2F265AD404009D2E2A /* PBXContainerItemProxy */ = {
			isa = PBXContainerItemProxy;
			containerPortal = C5707A0A265AD403009D2E2A /* Project object */;
			proxyType = 1;
			remoteGlobalIDString = C5707A11265AD403009D2E2A;
			remoteInfo = CodemyProject;
		};
/* End PBXContainerItemProxy section */

/* Begin PBXFileReference section */
		C5707A12265AD403009D2E2A /* CodemyProject.app */ = {isa = PBXFileReference; explicitFileType = wrapper.application; includeInIndex = 0; path = CodemyProject.app; sourceTree = BUILT_PRODUCTS_DIR; };
		C5707A15265AD403009D2E2A /* CodemyProjectApp.swift */ = {isa = PBXFileReference; lastKnownFileType = sourcecode.swift; path = CodemyProjectApp.swift; sourceTree = "<group>"; };
		C5707A17265AD403009D2E2A /* ContentView.swift */ = {isa = PBXFileReference; lastKnownFileType = sourcecode.swift; path = ContentView.swift; sourceTree = "<group>"; };
		C5707A19265AD404009D2E2A /* Assets.xcassets */ = {isa = PBXFileReference; lastKnownFileType = folder.assetcatalog; path = Assets.xcassets; sourceTree = "<group>"; };
		C5707A1C265AD404009D2E2A /* Preview Assets.xcassets */ = {isa = PBXFileReference; lastKnownFileType = folder.assetcatalog; path = "Preview Assets.xcassets"; sourceTree = "<group>"; };
		C5707A1E265AD404009D2E2A /* Info.plist */ = {isa = PBXFileReference; lastKnownFileType = text.plist.xml; path = Info.plist; sourceTree = "<group>"; };
		C5707A23265AD404009D2E2A /* CodemyProjectTests.xctest */ = {isa = PBXFileReference; explicitFileType = wrapper.cfbundle; includeInIndex = 0; path = CodemyProjectTests.xctest; sourceTree = BUILT_PRODUCTS_DIR; };
		C5707A27265AD404009D2E2A /* CodemyProjectTests.swift */ = {isa = PBXFileReference; lastKnownFileType = sourcecode.swift; path = CodemyProjectTests.swift; sourceTree = "<group>"; };
		C5707A29265AD404009D2E2A /* Info.plist */ = {isa = PBXFileReference; lastKnownFileType = text.plist.xml; path = Info.plist; sourceTree = "<group>"; };
		C5707A2E265AD404009D2E2A /* CodemyProjectUITests.xctest */ = {isa = PBXFileReference; explicitFileType = wrapper.cfbundle; includeInIndex = 0; path = CodemyProjectUITests.xctest; sourceTree = BUILT_PRODUCTS_DIR; };
		C5707A32265AD404009D2E2A /* CodemyProjectUITests.swift */ = {isa = PBXFileReference; lastKnownFileType = sourcecode.swift; path = CodemyProjectUITests.swift; sourceTree = "<group>"; };
		C5707A34265AD404009D2E2A /* Info.plist */ = {isa = PBXFileReference; lastKnownFileType = text.plist.xml; path = Info.plist; sourceTree = "<group>"; };
/* End PBXFileReference section */

/* Begin PBXFrameworksBuildPhase section */
		C5707A0F265AD403009D2E2A /* Frameworks */ = {
			isa = PBXFrameworksBuildPhase;
			buildActionMask = 2147483647;
			files = (
			);
			runOnlyForDeploymentPostprocessing = 0;
		};
		C5707A20265AD404009D2E2A /* Frameworks */ = {
			isa = PBXFrameworksBuildPhase;
			buildActionMask = 2147483647;
			files = (
			);
			runOnlyForDeploymentPostprocessing = 0;
		};
		C5707A2B265AD404009D2E2A /* Frameworks */ = {
			isa = PBXFrameworksBuildPhase;
			buildActionMask = 2147483647;
			files = (
			);
			runOnlyForDeploymentPostprocessing = 0;
		};
/* End PBXFrameworksBuildPhase section */

/* Begin PBXGroup section */
		C5707A09265AD403009D2E2A = {
			isa = PBXGroup;
			children = (
				C5707A14265AD403009D2E2A /* CodemyProject */,
				C5707A26265AD404009D2E2A /* CodemyProjectTests */,
				C5707A31265AD404009D2E2A /* CodemyProjectUITests */,
				C5707A13265AD403009D2E2A /* Products */,
			);
			sourceTree = "<group>";
		};
		C5707A13265AD403009D2E2A /* Products */ = {
			isa = PBXGroup;
			children = (
				C5707A12265AD403009D2E2A /* CodemyProject.app */,
				C5707A23265AD404009D2E2A /* CodemyProjectTests.xctest */,
				C5707A2E265AD404009D2E2A /* CodemyProjectUITests.xctest */,
			);
			name = Products;
			sourceTree = "<group>";
		};
		C5707A14265AD403009D2E2A /* CodemyProject */ = {
			isa = PBXGroup;
			children = (
				C5707A15265AD403009D2E2A /* CodemyProjectApp.swift */,
				C5707A17265AD403009D2E2A /* ContentView.swift */,
				C5707A19265AD404009D2E2A /* Assets.xcassets */,
				C5707A1E265AD404009D2E2A /* Info.plist */,
				C5707A1B265AD404009D2E2A /* Preview Content */,
			);
			path = CodemyProject;
			sourceTree = "<group>";
		};
		C5707A1B265AD404009D2E2A /* Preview Content */ = {
			isa = PBXGroup;
			children = (
				C5707A1C265AD404009D2E2A /* Preview Assets.xcassets */,
			);
			path = "Preview Content";
			sourceTree = "<group>";
		};
		C5707A26265AD404009D2E2A /* CodemyProjectTests */ = {
			isa = PBXGroup;
			children = (
				C5707A27265AD404009D2E2A /* CodemyProjectTests.swift */,
				C5707A29265AD404009D2E2A /* Info.plist */,
			);
			path = CodemyProjectTests;
			sourceTree = "<group>";
		};
		C5707A31265AD404009D2E2A /* CodemyProjectUITests */ = {
			isa = PBXGroup;
			children = (
				C5707A32265AD404009D2E2A /* CodemyProjectUITests.swift */,
				C5707A34265AD404009D2E2A /* Info.plist */,
			);
			path = CodemyProjectUITests;
			sourceTree = "<group>";
		};
/* End PBXGroup section */

/* Begin PBXNativeTarget section */
		C5707A11265AD403009D2E2A /* CodemyProject */ = {
			isa = PBXNativeTarget;
			buildConfigurationList = C5707A37265AD404009D2E2A /* Build configuration list for PBXNativeTarget "CodemyProject" */;
			buildPhases = (
				C5707A0E265AD403009D2E2A /* Sources */,
				C5707A0F265AD403009D2E2A /* Frameworks */,
				C5707A10265AD403009D2E2A /* Resources */,
			);
			buildRules = (
			);
			dependencies = (
			);
			name = CodemyProject;
			productName = CodemyProject;
			productReference = C5707A12265AD403009D2E2A /* CodemyProject.app */;
			productType = "com.apple.product-type.application";
		};
		C5707A22265AD404009D2E2A /* CodemyProjectTests */ = {
			isa = PBXNativeTarget;
			buildConfigurationList = C5707A3A265AD404009D2E2A /* Build configuration list for PBXNativeTarget "CodemyProjectTests" */;
			buildPhases = (
				C5707A1F265AD404009D2E2A /* Sources */,
				C5707A20265AD404009D2E2A /* Frameworks */,
				C5707A21265AD404009D2E2A /* Resources */,
			);
			buildRules = (
			);
			dependencies = (
				C5707A25265AD404009D2E2A /* PBXTargetDependency */,
			);
			name = CodemyProjectTests;
			productName = CodemyProjectTests;
			productReference = C5707A23265AD404009D2E2A /* CodemyProjectTests.xctest */;
			productType = "com.apple.product-type.bundle.unit-test";
		};
		C5707A2D265AD404009D2E2A /* CodemyProjectUITests */ = {
			isa = PBXNativeTarget;
			buildConfigurationList = C5707A3D265AD404009D2E2A /* Build configuration list for PBXNativeTarget "CodemyProjectUITests" */;
			buildPhases = (
				C5707A2A265AD404009D2E2A /* Sources */,
				C5707A2B265AD404009D2E2A /* Frameworks */,
				C5707A2C265AD404009D2E2A /* Resources */,
			);
			buildRules = (
			);
			dependencies = (
				C5707A30265AD404009D2E2A /* PBXTargetDependency */,
			);
			name = CodemyProjectUITests;
			productName = CodemyProjectUITests;
			productReference = C5707A2E265AD404009D2E2A /* CodemyProjectUITests.xctest */;
			productType = "com.apple.product-type.bundle.ui-testing";
		};
/* End PBXNativeTarget section */

/* Begin PBXProject section */
		C5707A0A265AD403009D2E2A /* Project object */ = {
			isa = PBXProject;
			attributes = {
				LastSwiftUpdateCheck = 1250;
				LastUpgradeCheck = 1250;
				TargetAttributes = {
					C5707A11265AD403009D2E2A = {
						CreatedOnToolsVersion = 12.5;
					};
					C5707A22265AD404009D2E2A = {
						CreatedOnToolsVersion = 12.5;
						TestTargetID = C5707A11265AD403009D2E2A;
					};
					C5707A2D265AD404009D2E2A = {
						CreatedOnToolsVersion = 12.5;
						TestTargetID = C5707A11265AD403009D2E2A;
					};
				};
			};
			buildConfigurationList = C5707A0D265AD403009D2E2A /* Build configuration list for PBXProject "CodemyProject" */;
			compatibilityVersion = "Xcode 9.3";
			developmentRegion = en;
			hasScannedForEncodings = 0;
			knownRegions = (
				en,
				Base,
			);
			mainGroup = C5707A09265AD403009D2E2A;
			productRefGroup = C5707A13265AD403009D2E2A /* Products */;
			projectDirPath = "";
			projectRoot = "";
			targets = (
				C5707A11265AD403009D2E2A /* CodemyProject */,
				C5707A22265AD404009D2E2A /* CodemyProjectTests */,
				C5707A2D265AD404009D2E2A /* CodemyProjectUITests */,
			);
		};
/* End PBXProject section */

/* Begin PBXResourcesBuildPhase section */
		C5707A10265AD403009D2E2A /* Resources */ = {
			isa = PBXResourcesBuildPhase;
			buildActionMask = 2147483647;
			files = (
				C5707A1D265AD404009D2E2A /* Preview Assets.xcassets in Resources */,
				C5707A1A265AD404009D2E2A /* Assets.xcassets in Resources */,
			);
			runOnlyForDeploymentPostprocessing = 0;
		};
		C5707A21265AD404009D2E2A /* Resources */ = {
			isa = PBXResourcesBuildPhase;
			buildActionMask = 2147483647;
			files = (
			);
			runOnlyForDeploymentPostprocessing = 0;
		};
		C5707A2C265AD404009D2E2A /* Resources */ = {
			isa = PBXResourcesBuildPhase;
			buildActionMask = 2147483647;
			files = (
			);
			runOnlyForDeploymentPostprocessing = 0;
		};
/* End PBXResourcesBuildPhase section */

/* Begin PBXSourcesBuildPhase section */
		C5707A0E265AD403009D2E2A /* Sources */ = {
			isa = PBXSourcesBuildPhase;
			buildActionMask = 2147483647;
			files = (
				C5707A18265AD403009D2E2A /* ContentView.swift in Sources */,
				C5707A16265AD403009D2E2A /* CodemyProjectApp.swift in Sources */,
			);
			runOnlyForDeploymentPostprocessing = 0;
		};
		C5707A1F265AD404009D2E2A /* Sources */ = {
			isa = PBXSourcesBuildPhase;
			buildActionMask = 2147483647;
			files = (
				C5707A28265AD404009D2E2A /* CodemyProjectTests.swift in Sources */,
			);
			runOnlyForDeploymentPostprocessing = 0;
		};
		C5707A2A265AD404009D2E2A /* Sources */ = {
			isa = PBXSourcesBuildPhase;
			buildActionMask = 2147483647;
			files = (
				C5707A33265AD404009D2E2A /* CodemyProjectUITests.swift in Sources */,
			);
			runOnlyForDeploymentPostprocessing = 0;
		};
/* End PBXSourcesBuildPhase section */

/* Begin PBXTargetDependency section */
		C5707A25265AD404009D2E2A /* PBXTargetDependency */ = {
			isa = PBXTargetDependency;
			target = C5707A11265AD403009D2E2A /* CodemyProject */;
			targetProxy = C5707A24265AD404009D2E2A /* PBXContainerItemProxy */;
		};
		C5707A30265AD404009D2E2A /* PBXTargetDependency */ = {
			isa = PBXTargetDependency;
			target = C5707A11265AD403009D2E2A /* CodemyProject */;
			targetProxy = C5707A2F265AD404009D2E2A /* PBXContainerItemProxy */;
		};
/* End PBXTargetDependency section */

/* Begin XCBuildConfiguration section */
		C5707A35265AD404009D2E2A /* Debug */ = {
			isa = XCBuildConfiguration;
			buildSettings = {
				ALWAYS_SEARCH_USER_PATHS = NO;
				CLANG_ANALYZER_NONNULL = YES;
				CLANG_ANALYZER_NUMBER_OBJECT_CONVERSION = YES_AGGRESSIVE;
				CLANG_CXX_LANGUAGE_STANDARD = "gnu++14";
				CLANG_CXX_LIBRARY = "libc++";
				CLANG_ENABLE_MODULES = YES;
				CLANG_ENABLE_OBJC_ARC = YES;
				CLANG_ENABLE_OBJC_WEAK = YES;
				CLANG_WARN_BLOCK_CAPTURE_AUTORELEASING = YES;
				CLANG_WARN_BOOL_CONVERSION = YES;
				CLANG_WARN_COMMA = YES;
				CLANG_WARN_CONSTANT_CONVERSION = YES;
				CLANG_WARN_DEPRECATED_OBJC_IMPLEMENTATIONS = YES;
				CLANG_WARN_DIRECT_OBJC_ISA_USAGE = YES_ERROR;
				CLANG_WARN_DOCUMENTATION_COMMENTS = YES;
				CLANG_WARN_EMPTY_BODY = YES;
				CLANG_WARN_ENUM_CONVERSION = YES;
				CLANG_WARN_INFINITE_RECURSION = YES;
				CLANG_WARN_INT_CONVERSION = YES;
				CLANG_WARN_NON_LITERAL_NULL_CONVERSION = YES;
				CLANG_WARN_OBJC_IMPLICIT_RETAIN_SELF = YES;
				CLANG_WARN_OBJC_LITERAL_CONVERSION = YES;
				CLANG_WARN_OBJC_ROOT_CLASS = YES_ERROR;
				CLANG_WARN_QUOTED_INCLUDE_IN_FRAMEWORK_HEADER = YES;
				CLANG_WARN_RANGE_LOOP_ANALYSIS = YES;
				CLANG_WARN_STRICT_PROTOTYPES = YES;
				CLANG_WARN_SUSPICIOUS_MOVE = YES;
				CLANG_WARN_UNGUARDED_AVAILABILITY = YES_AGGRESSIVE;
				CLANG_WARN_UNREACHABLE_CODE = YES;
				CLANG_WARN__DUPLICATE_METHOD_MATCH = YES;
				COPY_PHASE_STRIP = NO;
				DEBUG_INFORMATION_FORMAT = dwarf;
				ENABLE_STRICT_OBJC_MSGSEND = YES;
				ENABLE_TESTABILITY = YES;
				GCC_C_LANGUAGE_STANDARD = gnu11;
				GCC_DYNAMIC_NO_PIC = NO;
				GCC_NO_COMMON_BLOCKS = YES;
				GCC_OPTIMIZATION_LEVEL = 0;
				GCC_PREPROCESSOR_DEFINITIONS = (
					"DEBUG=1",
					"$(inherited)",
				);
				GCC_WARN_64_TO_32_BIT_CONVERSION = YES;
				GCC_WARN_ABOUT_RETURN_TYPE = YES_ERROR;
				GCC_WARN_UNDECLARED_SELECTOR = YES;
				GCC_WARN_UNINITIALIZED_AUTOS = YES_AGGRESSIVE;
				GCC_WARN_UNUSED_FUNCTION = YES;
				GCC_WARN_UNUSED_VARIABLE = YES;
				IPHONEOS_DEPLOYMENT_TARGET = 14.5;
				MTL_ENABLE_DEBUG_INFO = INCLUDE_SOURCE;
				MTL_FAST_MATH = YES;
				ONLY_ACTIVE_ARCH = YES;
				SDKROOT = iphoneos;
				SWIFT_ACTIVE_COMPILATION_CONDITIONS = DEBUG;
				SWIFT_OPTIMIZATION_LEVEL = "-Onone";
			};
			name = Debug;
		};
		C5707A36265AD404009D2E2A /* Release */ = {
			isa = XCBuildConfiguration;
			buildSettings = {
				ALWAYS_SEARCH_USER_PATHS = NO;
				CLANG_ANALYZER_NONNULL = YES;
				CLANG_ANALYZER_NUMBER_OBJECT_CONVERSION = YES_AGGRESSIVE;
				CLANG_CXX_LANGUAGE_STANDARD = "gnu++14";
				CLANG_CXX_LIBRARY = "libc++";
				CLANG_ENABLE_MODULES = YES;
				CLANG_ENABLE_OBJC_ARC = YES;
				CLANG_ENABLE_OBJC_WEAK = YES;
				CLANG_WARN_BLOCK_CAPTURE_AUTORELEASING = YES;
				CLANG_WARN_BOOL_CONVERSION = YES;
				CLANG_WARN_COMMA = YES;
				CLANG_WARN_CONSTANT_CONVERSION = YES;
				CLANG_WARN_DEPRECATED_OBJC_IMPLEMENTATIONS = YES;
				CLANG_WARN_DIRECT_OBJC_ISA_USAGE = YES_ERROR;
				CLANG_WARN_DOCUMENTATION_COMMENTS = YES;
				CLANG_WARN_EMPTY_BODY = YES;
				CLANG_WARN_ENUM_CONVERSION = YES;
				CLANG_WARN_INFINITE_RECURSION = YES;
				CLANG_WARN_INT_CONVERSION = YES;
				CLANG_WARN_NON_LITERAL_NULL_CONVERSION = YES;
				CLANG_WARN_OBJC_IMPLICIT_RETAIN_SELF = YES;
				CLANG_WARN_OBJC_LITERAL_CONVERSION = YES;
				CLANG_WARN_OBJC_ROOT_CLASS = YES_ERROR;
				CLANG_WARN_QUOTED_INCLUDE_IN_FRAMEWORK_HEADER = YES;
				CLANG_WARN_RANGE_LOOP_ANALYSIS = YES;
				CLANG_WARN_STRICT_PROTOTYPES = YES;
				CLANG_WARN_SUSPICIOUS_MOVE = YES;
				CLANG_WARN_UNGUARDED_AVAILABILITY = YES_AGGRESSIVE;
				CLANG_WARN_UNREACHABLE_CODE = YES;
				CLANG_WARN__DUPLICATE_METHOD_MATCH = YES;
				COPY_PHASE_STRIP = NO;
				DEBUG_INFORMATION_FORMAT = "dwarf-with-dsym";
				ENABLE_NS_ASSERTIONS = NO;
				ENABLE_STRICT_OBJC_MSGSEND = YES;
				GCC_C_LANGUAGE_STANDARD = gnu11;
				GCC_NO_COMMON_BLOCKS = YES;
				GCC_WARN_64_TO_32_BIT_CONVERSION = YES;
				GCC_WARN_ABOUT_RETURN_TYPE = YES_ERROR;
				GCC_WARN_UNDECLARED_SELECTOR = YES;
				GCC_WARN_UNINITIALIZED_AUTOS = YES_AGGRESSIVE;
				GCC_WARN_UNUSED_FUNCTION = YES;
				GCC_WARN_UNUSED_VARIABLE = YES;
				IPHONEOS_DEPLOYMENT_TARGET = 14.5;
				MTL_ENABLE_DEBUG_INFO = NO;
				MTL_FAST_MATH = YES;
				SDKROOT = iphoneos;
				SWIFT_COMPILATION_MODE = wholemodule;
				SWIFT_OPTIMIZATION_LEVEL = "-O";
				VALIDATE_PRODUCT = YES;
			};
			name = Release;
		};
		C5707A38265AD404009D2E2A /* Debug */ = {
			isa = XCBuildConfiguration;
			buildSettings = {
				ASSETCATALOG_COMPILER_APPICON_NAME = AppIcon;
				ASSETCATALOG_COMPILER_GLOBAL_ACCENT_COLOR_NAME = AccentColor;
				CODE_SIGN_STYLE = Automatic;
				DEVELOPMENT_ASSET_PATHS = "\"CodemyProject/Preview Content\"";
				DEVELOPMENT_TEAM = 9RSGP9843T;
				ENABLE_PREVIEWS = YES;
				INFOPLIST_FILE = CodemyProject/Info.plist;
				IPHONEOS_DEPLOYMENT_TARGET = 14.0;
				LD_RUNPATH_SEARCH_PATHS = (
					"$(inherited)",
					"@executable_path/Frameworks",
				);
				PRODUCT_BUNDLE_IDENTIFIER = Codemy.CodemyProject;
				PRODUCT_NAME = "$(TARGET_NAME)";
				SWIFT_VERSION = 5.0;
				TARGETED_DEVICE_FAMILY = "1,2";
			};
			name = Debug;
		};
		C5707A39265AD404009D2E2A /* Release */ = {
			isa = XCBuildConfiguration;
			buildSettings = {
				ASSETCATALOG_COMPILER_APPICON_NAME = AppIcon;
				ASSETCATALOG_COMPILER_GLOBAL_ACCENT_COLOR_NAME = AccentColor;
				CODE_SIGN_STYLE = Automatic;
				DEVELOPMENT_ASSET_PATHS = "\"CodemyProject/Preview Content\"";
				DEVELOPMENT_TEAM = 9RSGP9843T;
				ENABLE_PREVIEWS = YES;
				INFOPLIST_FILE = CodemyProject/Info.plist;
				IPHONEOS_DEPLOYMENT_TARGET = 14.0;
				LD_RUNPATH_SEARCH_PATHS = (
					"$(inherited)",
					"@executable_path/Frameworks",
				);
				PRODUCT_BUNDLE_IDENTIFIER = Codemy.CodemyProject;
				PRODUCT_NAME = "$(TARGET_NAME)";
				SWIFT_VERSION = 5.0;
				TARGETED_DEVICE_FAMILY = "1,2";
			};
			name = Release;
		};
		C5707A3B265AD404009D2E2A /* Debug */ = {
			isa = XCBuildConfiguration;
			buildSettings = {
				ALWAYS_EMBED_SWIFT_STANDARD_LIBRARIES = YES;
				BUNDLE_LOADER = "$(TEST_HOST)";
				CODE_SIGN_STYLE = Automatic;
				DEVELOPMENT_TEAM = 9RSGP9843T;
				INFOPLIST_FILE = CodemyProjectTests/Info.plist;
				IPHONEOS_DEPLOYMENT_TARGET = 14.0;
				LD_RUNPATH_SEARCH_PATHS = (
					"$(inherited)",
					"@executable_path/Frameworks",
					"@loader_path/Frameworks",
				);
				PRODUCT_BUNDLE_IDENTIFIER = Codemy.CodemyProjectTests;
				PRODUCT_NAME = "$(TARGET_NAME)";
				SWIFT_VERSION = 5.0;
				TARGETED_DEVICE_FAMILY = "1,2";
				TEST_HOST = "$(BUILT_PRODUCTS_DIR)/CodemyProject.app/CodemyProject";
			};
			name = Debug;
		};
		C5707A3C265AD404009D2E2A /* Release */ = {
			isa = XCBuildConfiguration;
			buildSettings = {
				ALWAYS_EMBED_SWIFT_STANDARD_LIBRARIES = YES;
				BUNDLE_LOADER = "$(TEST_HOST)";
				CODE_SIGN_STYLE = Automatic;
				DEVELOPMENT_TEAM = 9RSGP9843T;
				INFOPLIST_FILE = CodemyProjectTests/Info.plist;
				IPHONEOS_DEPLOYMENT_TARGET = 14.0;
				LD_RUNPATH_SEARCH_PATHS = (
					"$(inherited)",
					"@executable_path/Frameworks",
					"@loader_path/Frameworks",
				);
				PRODUCT_BUNDLE_IDENTIFIER = Codemy.CodemyProjectTests;
				PRODUCT_NAME = "$(TARGET_NAME)";
				SWIFT_VERSION = 5.0;
				TARGETED_DEVICE_FAMILY = "1,2";
				TEST_HOST = "$(BUILT_PRODUCTS_DIR)/CodemyProject.app/CodemyProject";
			};
			name = Release;
		};
		C5707A3E265AD404009D2E2A /* Debug */ = {
			isa = XCBuildConfiguration;
			buildSettings = {
				ALWAYS_EMBED_SWIFT_STANDARD_LIBRARIES = YES;
				CODE_SIGN_STYLE = Automatic;
				DEVELOPMENT_TEAM = 9RSGP9843T;
				INFOPLIST_FILE = CodemyProjectUITests/Info.plist;
				LD_RUNPATH_SEARCH_PATHS = (
					"$(inherited)",
					"@executable_path/Frameworks",
					"@loader_path/Frameworks",
				);
				PRODUCT_BUNDLE_IDENTIFIER = Codemy.CodemyProjectUITests;
				PRODUCT_NAME = "$(TARGET_NAME)";
				SWIFT_VERSION = 5.0;
				TARGETED_DEVICE_FAMILY = "1,2";
				TEST_TARGET_NAME = CodemyProject;
			};
			name = Debug;
		};
		C5707A3F265AD404009D2E2A /* Release */ = {
			isa = XCBuildConfiguration;
			buildSettings = {
				ALWAYS_EMBED_SWIFT_STANDARD_LIBRARIES = YES;
				CODE_SIGN_STYLE = Automatic;
				DEVELOPMENT_TEAM = 9RSGP9843T;
				INFOPLIST_FILE = CodemyProjectUITests/Info.plist;
				LD_RUNPATH_SEARCH_PATHS = (
					"$(inherited)",
					"@executable_path/Frameworks",
					"@loader_path/Frameworks",
				);
				PRODUCT_BUNDLE_IDENTIFIER = Codemy.CodemyProjectUITests;
				PRODUCT_NAME = "$(TARGET_NAME)";
				SWIFT_VERSION = 5.0;
				TARGETED_DEVICE_FAMILY = "1,2";
				TEST_TARGET_NAME = CodemyProject;
			};
			name = Release;
		};
/* End XCBuildConfiguration section */

/* Begin XCConfigurationList section */
		C5707A0D265AD403009D2E2A /* Build configuration list for PBXProject "CodemyProject" */ = {
			isa = XCConfigurationList;
			buildConfigurations = (
				C5707A35265AD404009D2E2A /* Debug */,
				C5707A36265AD404009D2E2A /* Release */,
			);
			defaultConfigurationIsVisible = 0;
			defaultConfigurationName = Release;
		};
		C5707A37265AD404009D2E2A /* Build configuration list for PBXNativeTarget "CodemyProject" */ = {
			isa = XCConfigurationList;
			buildConfigurations = (
				C5707A38265AD404009D2E2A /* Debug */,
				C5707A39265AD404009D2E2A /* Release */,
			);
			defaultConfigurationIsVisible = 0;
			defaultConfigurationName = Release;
		};
		C5707A3A265AD404009D2E2A /* Build configuration list for PBXNativeTarget "CodemyProjectTests" */ = {
			isa = XCConfigurationList;
			buildConfigurations = (
				C5707A3B265AD404009D2E2A /* Debug */,
				C5707A3C265AD404009D2E2A /* Release */,
			);
			defaultConfigurationIsVisible = 0;
			defaultConfigurationName = Release;
		};
		C5707A3D265AD404009D2E2A /* Build configuration list for PBXNativeTarget "CodemyProjectUITests" */ = {
			isa = XCConfigurationList;
			buildConfigurations = (
				C5707A3E265AD404009D2E2A /* Debug */,
				C5707A3F265AD404009D2E2A /* Release */,
			);
			defaultConfigurationIsVisible = 0;
			defaultConfigurationName = Release;
		};
/* End XCConfigurationList section */
	};
	rootObject = C5707A0A265AD403009D2E2A /* Project object */;
}
